// !$*UTF8*$!
{
	archiveVersion = 1;
	classes = {
	};
	objectVersion = 77;
	objects = {

/* Begin PBXBuildFile section */
		6D191EAA2D8480D000AA97F2 /* PrivacyInfo.xcprivacy in Resources */ = {isa = PBXBuildFile; fileRef = 6D191EA52D8480D000AA97F2 /* PrivacyInfo.xcprivacy */; };
		6D191EB12D8480D000AA97F2 /* Dummy.swift in Sources */ = {isa = PBXBuildFile; fileRef = 6D191EA72D8480D000AA97F2 /* Dummy.swift */; };
		6D191EB42D84812100AA97F2 /* iProov.xcframework in Frameworks */ = {isa = PBXBuildFile; fileRef = 6D191EB22D8480EC00AA97F2 /* iProov.xcframework */; };
		6D191EB52D84812100AA97F2 /* iProov.xcframework in Embed Frameworks */ = {isa = PBXBuildFile; fileRef = 6D191EB22D8480EC00AA97F2 /* iProov.xcframework */; settings = {ATTRIBUTES = (CodeSignOnCopy, RemoveHeadersOnCopy, ); }; };
		6D191EBA2D84827100AA97F2 /* iProovAPIClient in Frameworks */ = {isa = PBXBuildFile; productRef = 6D191EB92D84827100AA97F2 /* iProovAPIClient */; };
		6D191EBD2D84830F00AA97F2 /* MBProgressHUD in Frameworks */ = {isa = PBXBuildFile; productRef = 6D191EBC2D84830F00AA97F2 /* MBProgressHUD */; };
/* End PBXBuildFile section */

/* Begin PBXContainerItemProxy section */
		BB8D82F72D845819007E211D /* PBXContainerItemProxy */ = {
			isa = PBXContainerItemProxy;
			containerPortal = BB8D82DD2D845818007E211D /* Project object */;
			proxyType = 1;
			remoteGlobalIDString = BB8D82E42D845818007E211D;
			remoteInfo = "iosapp-iproov";
		};
		BB8D83012D845819007E211D /* PBXContainerItemProxy */ = {
			isa = PBXContainerItemProxy;
			containerPortal = BB8D82DD2D845818007E211D /* Project object */;
			proxyType = 1;
			remoteGlobalIDString = BB8D82E42D845818007E211D;
			remoteInfo = "iosapp-iproov";
		};
/* End PBXContainerItemProxy section */

/* Begin PBXCopyFilesBuildPhase section */
		6D191EB62D84812100AA97F2 /* Embed Frameworks */ = {
			isa = PBXCopyFilesBuildPhase;
			buildActionMask = 2147483647;
			dstPath = "";
			dstSubfolderSpec = 10;
			files = (
				6D191EB52D84812100AA97F2 /* iProov.xcframework in Embed Frameworks */,
			);
			name = "Embed Frameworks";
			runOnlyForDeploymentPostprocessing = 0;
		};
/* End PBXCopyFilesBuildPhase section */

/* Begin PBXFileReference section */
		6D191EA52D8480D000AA97F2 /* PrivacyInfo.xcprivacy */ = {isa = PBXFileReference; lastKnownFileType = text.xml; path = PrivacyInfo.xcprivacy; sourceTree = "<group>"; };
		6D191EA72D8480D000AA97F2 /* Dummy.swift */ = {isa = PBXFileReference; lastKnownFileType = sourcecode.swift; path = Dummy.swift; sourceTree = "<group>"; };
		6D191EB22D8480EC00AA97F2 /* iProov.xcframework */ = {isa = PBXFileReference; expectedSignature = "AppleDeveloperProgram:622Y49N79Q:iProov Limited"; lastKnownFileType = wrapper.xcframework; path = iProov.xcframework; sourceTree = "<group>"; };
		BB8D82E52D845818007E211D /* iosapp-iproov.app */ = {isa = PBXFileReference; explicitFileType = wrapper.application; includeInIndex = 0; path = "iosapp-iproov.app"; sourceTree = BUILT_PRODUCTS_DIR; };
		BB8D82F62D845819007E211D /* iosapp-iproovTests.xctest */ = {isa = PBXFileReference; explicitFileType = wrapper.cfbundle; includeInIndex = 0; path = "iosapp-iproovTests.xctest"; sourceTree = BUILT_PRODUCTS_DIR; };
		BB8D83002D845819007E211D /* iosapp-iproovUITests.xctest */ = {isa = PBXFileReference; explicitFileType = wrapper.cfbundle; includeInIndex = 0; path = "iosapp-iproovUITests.xctest"; sourceTree = BUILT_PRODUCTS_DIR; };
/* End PBXFileReference section */

/* Begin PBXFileSystemSynchronizedRootGroup section */
		BB8D82E72D845818007E211D /* iosapp-iproov */ = {
			isa = PBXFileSystemSynchronizedRootGroup;
			path = "iosapp-iproov";
			sourceTree = "<group>";
		};
/* End PBXFileSystemSynchronizedRootGroup section */

/* Begin PBXFrameworksBuildPhase section */
		BB8D82E22D845818007E211D /* Frameworks */ = {
			isa = PBXFrameworksBuildPhase;
			buildActionMask = 2147483647;
			files = (
				6D191EBD2D84830F00AA97F2 /* MBProgressHUD in Frameworks */,
				6D191EB42D84812100AA97F2 /* iProov.xcframework in Frameworks */,
				6D191EBA2D84827100AA97F2 /* iProovAPIClient in Frameworks */,
			);
			runOnlyForDeploymentPostprocessing = 0;
		};
		BB8D82F32D845819007E211D /* Frameworks */ = {
			isa = PBXFrameworksBuildPhase;
			buildActionMask = 2147483647;
			files = (
			);
			runOnlyForDeploymentPostprocessing = 0;
		};
		BB8D82FD2D845819007E211D /* Frameworks */ = {
			isa = PBXFrameworksBuildPhase;
			buildActionMask = 2147483647;
			files = (
			);
			runOnlyForDeploymentPostprocessing = 0;
		};
/* End PBXFrameworksBuildPhase section */

/* Begin PBXGroup section */
		6D191EA62D8480D000AA97F2 /* Resources */ = {
			isa = PBXGroup;
			children = (
				6D191EA52D8480D000AA97F2 /* PrivacyInfo.xcprivacy */,
			);
			path = Resources;
			sourceTree = "<group>";
		};
		6D191EA82D8480D000AA97F2 /* iProovTargets */ = {
			isa = PBXGroup;
			children = (
				6D191EA62D8480D000AA97F2 /* Resources */,
				6D191EA72D8480D000AA97F2 /* Dummy.swift */,
			);
			path = iProovTargets;
			sourceTree = "<group>";
		};
		6D191EB82D84827100AA97F2 /* Frameworks */ = {
			isa = PBXGroup;
			children = (
			);
			name = Frameworks;
			sourceTree = "<group>";
		};
		BB8D82DC2D845818007E211D = {
			isa = PBXGroup;
			children = (
				BB8D82E72D845818007E211D /* iosapp-iproov */,
				BB8D82E62D845818007E211D /* Products */,
				6D191EA82D8480D000AA97F2 /* iProovTargets */,
				6D191EB82D84827100AA97F2 /* Frameworks */,
			);
			sourceTree = "<group>";
		};
		BB8D82E62D845818007E211D /* Products */ = {
			isa = PBXGroup;
			children = (
				6D191EB22D8480EC00AA97F2 /* iProov.xcframework */,
				BB8D82E52D845818007E211D /* iosapp-iproov.app */,
				BB8D82F62D845819007E211D /* iosapp-iproovTests.xctest */,
				BB8D83002D845819007E211D /* iosapp-iproovUITests.xctest */,
			);
			name = Products;
			sourceTree = "<group>";
		};
/* End PBXGroup section */

/* Begin PBXNativeTarget section */
		BB8D82E42D845818007E211D /* iosapp-iproov */ = {
			isa = PBXNativeTarget;
			buildConfigurationList = BB8D830A2D845819007E211D /* Build configuration list for PBXNativeTarget "iosapp-iproov" */;
			buildPhases = (
				BB8D82E12D845818007E211D /* Sources */,
				BB8D82E22D845818007E211D /* Frameworks */,
				BB8D82E32D845818007E211D /* Resources */,
				6D191EB62D84812100AA97F2 /* Embed Frameworks */,
			);
			buildRules = (
			);
			dependencies = (
			);
			fileSystemSynchronizedGroups = (
				BB8D82E72D845818007E211D /* iosapp-iproov */,
			);
			name = "iosapp-iproov";
			packageProductDependencies = (
				6D191EB92D84827100AA97F2 /* iProovAPIClient */,
				6D191EBC2D84830F00AA97F2 /* MBProgressHUD */,
			);
			productName = "iosapp-iproov";
			productReference = BB8D82E52D845818007E211D /* iosapp-iproov.app */;
			productType = "com.apple.product-type.application";
		};
		BB8D82F52D845819007E211D /* iosapp-iproovTests */ = {
			isa = PBXNativeTarget;
			buildConfigurationList = BB8D830D2D845819007E211D /* Build configuration list for PBXNativeTarget "iosapp-iproovTests" */;
			buildPhases = (
				BB8D82F22D845819007E211D /* Sources */,
				BB8D82F32D845819007E211D /* Frameworks */,
				BB8D82F42D845819007E211D /* Resources */,
			);
			buildRules = (
			);
			dependencies = (
				BB8D82F82D845819007E211D /* PBXTargetDependency */,
			);
			name = "iosapp-iproovTests";
			packageProductDependencies = (
			);
			productName = "iosapp-iproovTests";
			productReference = BB8D82F62D845819007E211D /* iosapp-iproovTests.xctest */;
			productType = "com.apple.product-type.bundle.unit-test";
		};
		BB8D82FF2D845819007E211D /* iosapp-iproovUITests */ = {
			isa = PBXNativeTarget;
			buildConfigurationList = BB8D83102D845819007E211D /* Build configuration list for PBXNativeTarget "iosapp-iproovUITests" */;
			buildPhases = (
				BB8D82FC2D845819007E211D /* Sources */,
				BB8D82FD2D845819007E211D /* Frameworks */,
				BB8D82FE2D845819007E211D /* Resources */,
			);
			buildRules = (
			);
			dependencies = (
				BB8D83022D845819007E211D /* PBXTargetDependency */,
			);
			name = "iosapp-iproovUITests";
			packageProductDependencies = (
			);
			productName = "iosapp-iproovUITests";
			productReference = BB8D83002D845819007E211D /* iosapp-iproovUITests.xctest */;
			productType = "com.apple.product-type.bundle.ui-testing";
		};
/* End PBXNativeTarget section */

/* Begin PBXProject section */
		BB8D82DD2D845818007E211D /* Project object */ = {
			isa = PBXProject;
			attributes = {
				BuildIndependentTargetsInParallel = 1;
				LastSwiftUpdateCheck = 1620;
				LastUpgradeCheck = 1620;
				TargetAttributes = {
					BB8D82E42D845818007E211D = {
						CreatedOnToolsVersion = 16.2;
					};
					BB8D82F52D845819007E211D = {
						CreatedOnToolsVersion = 16.2;
						TestTargetID = BB8D82E42D845818007E211D;
					};
					BB8D82FF2D845819007E211D = {
						CreatedOnToolsVersion = 16.2;
						TestTargetID = BB8D82E42D845818007E211D;
					};
				};
			};
			buildConfigurationList = BB8D82E02D845818007E211D /* Build configuration list for PBXProject "iosapp-iproov" */;
			developmentRegion = en;
			hasScannedForEncodings = 0;
			knownRegions = (
				en,
				Base,
			);
			mainGroup = BB8D82DC2D845818007E211D;
			minimizedProjectReferenceProxies = 1;
			packageReferences = (
				6D191EB72D84823C00AA97F2 /* XCRemoteSwiftPackageReference "ios-api-client" */,
				6D191EBB2D8482EE00AA97F2 /* XCRemoteSwiftPackageReference "MBProgressHUD" */,
			);
			preferredProjectObjectVersion = 77;
			productRefGroup = BB8D82E62D845818007E211D /* Products */;
			projectDirPath = "";
			projectRoot = "";
			targets = (
				BB8D82E42D845818007E211D /* iosapp-iproov */,
				BB8D82F52D845819007E211D /* iosapp-iproovTests */,
				BB8D82FF2D845819007E211D /* iosapp-iproovUITests */,
			);
		};
/* End PBXProject section */

/* Begin PBXResourcesBuildPhase section */
		BB8D82E32D845818007E211D /* Resources */ = {
			isa = PBXResourcesBuildPhase;
			buildActionMask = 2147483647;
			files = (
				6D191EAA2D8480D000AA97F2 /* PrivacyInfo.xcprivacy in Resources */,
			);
			runOnlyForDeploymentPostprocessing = 0;
		};
		BB8D82F42D845819007E211D /* Resources */ = {
			isa = PBXResourcesBuildPhase;
			buildActionMask = 2147483647;
			files = (
			);
			runOnlyForDeploymentPostprocessing = 0;
		};
		BB8D82FE2D845819007E211D /* Resources */ = {
			isa = PBXResourcesBuildPhase;
			buildActionMask = 2147483647;
			files = (
			);
			runOnlyForDeploymentPostprocessing = 0;
		};
/* End PBXResourcesBuildPhase section */

/* Begin PBXSourcesBuildPhase section */
		BB8D82E12D845818007E211D /* Sources */ = {
			isa = PBXSourcesBuildPhase;
			buildActionMask = 2147483647;
			files = (
				6D191EB12D8480D000AA97F2 /* Dummy.swift in Sources */,
			);
			runOnlyForDeploymentPostprocessing = 0;
		};
		BB8D82F22D845819007E211D /* Sources */ = {
			isa = PBXSourcesBuildPhase;
			buildActionMask = 2147483647;
			files = (
			);
			runOnlyForDeploymentPostprocessing = 0;
		};
		BB8D82FC2D845819007E211D /* Sources */ = {
			isa = PBXSourcesBuildPhase;
			buildActionMask = 2147483647;
			files = (
			);
			runOnlyForDeploymentPostprocessing = 0;
		};
/* End PBXSourcesBuildPhase section */

/* Begin PBXTargetDependency section */
		BB8D82F82D845819007E211D /* PBXTargetDependency */ = {
			isa = PBXTargetDependency;
			target = BB8D82E42D845818007E211D /* iosapp-iproov */;
			targetProxy = BB8D82F72D845819007E211D /* PBXContainerItemProxy */;
		};
		BB8D83022D845819007E211D /* PBXTargetDependency */ = {
			isa = PBXTargetDependency;
			target = BB8D82E42D845818007E211D /* iosapp-iproov */;
			targetProxy = BB8D83012D845819007E211D /* PBXContainerItemProxy */;
		};
/* End PBXTargetDependency section */

/* Begin XCBuildConfiguration section */
		BB8D83082D845819007E211D /* Debug */ = {
			isa = XCBuildConfiguration;
			buildSettings = {
				ALWAYS_SEARCH_USER_PATHS = NO;
				ASSETCATALOG_COMPILER_GENERATE_SWIFT_ASSET_SYMBOL_EXTENSIONS = YES;
				CLANG_ANALYZER_NONNULL = YES;
				CLANG_ANALYZER_NUMBER_OBJECT_CONVERSION = YES_AGGRESSIVE;
				CLANG_CXX_LANGUAGE_STANDARD = "gnu++20";
				CLANG_ENABLE_MODULES = YES;
				CLANG_ENABLE_OBJC_ARC = YES;
				CLANG_ENABLE_OBJC_WEAK = YES;
				CLANG_WARN_BLOCK_CAPTURE_AUTORELEASING = YES;
				CLANG_WARN_BOOL_CONVERSION = YES;
				CLANG_WARN_COMMA = YES;
				CLANG_WARN_CONSTANT_CONVERSION = YES;
				CLANG_WARN_DEPRECATED_OBJC_IMPLEMENTATIONS = YES;
				CLANG_WARN_DIRECT_OBJC_ISA_USAGE = YES_ERROR;
				CLANG_WARN_DOCUMENTATION_COMMENTS = YES;
				CLANG_WARN_EMPTY_BODY = YES;
				CLANG_WARN_ENUM_CONVERSION = YES;
				CLANG_WARN_INFINITE_RECURSION = YES;
				CLANG_WARN_INT_CONVERSION = YES;
				CLANG_WARN_NON_LITERAL_NULL_CONVERSION = YES;
				CLANG_WARN_OBJC_IMPLICIT_RETAIN_SELF = YES;
				CLANG_WARN_OBJC_LITERAL_CONVERSION = YES;
				CLANG_WARN_OBJC_ROOT_CLASS = YES_ERROR;
				CLANG_WARN_QUOTED_INCLUDE_IN_FRAMEWORK_HEADER = YES;
				CLANG_WARN_RANGE_LOOP_ANALYSIS = YES;
				CLANG_WARN_STRICT_PROTOTYPES = YES;
				CLANG_WARN_SUSPICIOUS_MOVE = YES;
				CLANG_WARN_UNGUARDED_AVAILABILITY = YES_AGGRESSIVE;
				CLANG_WARN_UNREACHABLE_CODE = YES;
				CLANG_WARN__DUPLICATE_METHOD_MATCH = YES;
				COPY_PHASE_STRIP = NO;
				DEBUG_INFORMATION_FORMAT = dwarf;
				ENABLE_STRICT_OBJC_MSGSEND = YES;
				ENABLE_TESTABILITY = YES;
				ENABLE_USER_SCRIPT_SANDBOXING = YES;
				GCC_C_LANGUAGE_STANDARD = gnu17;
				GCC_DYNAMIC_NO_PIC = NO;
				GCC_NO_COMMON_BLOCKS = YES;
				GCC_OPTIMIZATION_LEVEL = 0;
				GCC_PREPROCESSOR_DEFINITIONS = (
					"DEBUG=1",
					"$(inherited)",
				);
				GCC_WARN_64_TO_32_BIT_CONVERSION = YES;
				GCC_WARN_ABOUT_RETURN_TYPE = YES_ERROR;
				GCC_WARN_UNDECLARED_SELECTOR = YES;
				GCC_WARN_UNINITIALIZED_AUTOS = YES_AGGRESSIVE;
				GCC_WARN_UNUSED_FUNCTION = YES;
				GCC_WARN_UNUSED_VARIABLE = YES;
				LOCALIZATION_PREFERS_STRING_CATALOGS = YES;
				MTL_ENABLE_DEBUG_INFO = INCLUDE_SOURCE;
				MTL_FAST_MATH = YES;
				ONLY_ACTIVE_ARCH = YES;
				SWIFT_ACTIVE_COMPILATION_CONDITIONS = "DEBUG $(inherited)";
				SWIFT_OPTIMIZATION_LEVEL = "-Onone";
			};
			name = Debug;
		};
		BB8D83092D845819007E211D /* Release */ = {
			isa = XCBuildConfiguration;
			buildSettings = {
				ALWAYS_SEARCH_USER_PATHS = NO;
				ASSETCATALOG_COMPILER_GENERATE_SWIFT_ASSET_SYMBOL_EXTENSIONS = YES;
				CLANG_ANALYZER_NONNULL = YES;
				CLANG_ANALYZER_NUMBER_OBJECT_CONVERSION = YES_AGGRESSIVE;
				CLANG_CXX_LANGUAGE_STANDARD = "gnu++20";
				CLANG_ENABLE_MODULES = YES;
				CLANG_ENABLE_OBJC_ARC = YES;
				CLANG_ENABLE_OBJC_WEAK = YES;
				CLANG_WARN_BLOCK_CAPTURE_AUTORELEASING = YES;
				CLANG_WARN_BOOL_CONVERSION = YES;
				CLANG_WARN_COMMA = YES;
				CLANG_WARN_CONSTANT_CONVERSION = YES;
				CLANG_WARN_DEPRECATED_OBJC_IMPLEMENTATIONS = YES;
				CLANG_WARN_DIRECT_OBJC_ISA_USAGE = YES_ERROR;
				CLANG_WARN_DOCUMENTATION_COMMENTS = YES;
				CLANG_WARN_EMPTY_BODY = YES;
				CLANG_WARN_ENUM_CONVERSION = YES;
				CLANG_WARN_INFINITE_RECURSION = YES;
				CLANG_WARN_INT_CONVERSION = YES;
				CLANG_WARN_NON_LITERAL_NULL_CONVERSION = YES;
				CLANG_WARN_OBJC_IMPLICIT_RETAIN_SELF = YES;
				CLANG_WARN_OBJC_LITERAL_CONVERSION = YES;
				CLANG_WARN_OBJC_ROOT_CLASS = YES_ERROR;
				CLANG_WARN_QUOTED_INCLUDE_IN_FRAMEWORK_HEADER = YES;
				CLANG_WARN_RANGE_LOOP_ANALYSIS = YES;
				CLANG_WARN_STRICT_PROTOTYPES = YES;
				CLANG_WARN_SUSPICIOUS_MOVE = YES;
				CLANG_WARN_UNGUARDED_AVAILABILITY = YES_AGGRESSIVE;
				CLANG_WARN_UNREACHABLE_CODE = YES;
				CLANG_WARN__DUPLICATE_METHOD_MATCH = YES;
				COPY_PHASE_STRIP = NO;
				DEBUG_INFORMATION_FORMAT = "dwarf-with-dsym";
				ENABLE_NS_ASSERTIONS = NO;
				ENABLE_STRICT_OBJC_MSGSEND = YES;
				ENABLE_USER_SCRIPT_SANDBOXING = YES;
				GCC_C_LANGUAGE_STANDARD = gnu17;
				GCC_NO_COMMON_BLOCKS = YES;
				GCC_WARN_64_TO_32_BIT_CONVERSION = YES;
				GCC_WARN_ABOUT_RETURN_TYPE = YES_ERROR;
				GCC_WARN_UNDECLARED_SELECTOR = YES;
				GCC_WARN_UNINITIALIZED_AUTOS = YES_AGGRESSIVE;
				GCC_WARN_UNUSED_FUNCTION = YES;
				GCC_WARN_UNUSED_VARIABLE = YES;
				LOCALIZATION_PREFERS_STRING_CATALOGS = YES;
				MTL_ENABLE_DEBUG_INFO = NO;
				MTL_FAST_MATH = YES;
				SWIFT_COMPILATION_MODE = wholemodule;
			};
			name = Release;
		};
		BB8D830B2D845819007E211D /* Debug */ = {
			isa = XCBuildConfiguration;
			buildSettings = {
				ASSETCATALOG_COMPILER_APPICON_NAME = AppIcon;
				ASSETCATALOG_COMPILER_GLOBAL_ACCENT_COLOR_NAME = AccentColor;
				CODE_SIGN_ENTITLEMENTS = "iosapp-iproov/iosapp_iproov.entitlements";
				CODE_SIGN_STYLE = Automatic;
				CURRENT_PROJECT_VERSION = 1;
				DEVELOPMENT_ASSET_PATHS = "\"iosapp-iproov/Preview Content\"";
				DEVELOPMENT_TEAM = XMZ73Q84B6;
				ENABLE_HARDENED_RUNTIME = YES;
				ENABLE_PREVIEWS = YES;
				GENERATE_INFOPLIST_FILE = YES;
				"INFOPLIST_KEY_UIApplicationSceneManifest_Generation[sdk=iphoneos*]" = YES;
				"INFOPLIST_KEY_UIApplicationSceneManifest_Generation[sdk=iphonesimulator*]" = YES;
				"INFOPLIST_KEY_UIApplicationSupportsIndirectInputEvents[sdk=iphoneos*]" = YES;
				"INFOPLIST_KEY_UIApplicationSupportsIndirectInputEvents[sdk=iphonesimulator*]" = YES;
				"INFOPLIST_KEY_UILaunchScreen_Generation[sdk=iphoneos*]" = YES;
				"INFOPLIST_KEY_UILaunchScreen_Generation[sdk=iphonesimulator*]" = YES;
				"INFOPLIST_KEY_UIStatusBarStyle[sdk=iphoneos*]" = UIStatusBarStyleDefault;
				"INFOPLIST_KEY_UIStatusBarStyle[sdk=iphonesimulator*]" = UIStatusBarStyleDefault;
				INFOPLIST_KEY_UISupportedInterfaceOrientations_iPad = "UIInterfaceOrientationPortrait UIInterfaceOrientationPortraitUpsideDown UIInterfaceOrientationLandscapeLeft UIInterfaceOrientationLandscapeRight";
				INFOPLIST_KEY_UISupportedInterfaceOrientations_iPhone = "UIInterfaceOrientationPortrait UIInterfaceOrientationLandscapeLeft UIInterfaceOrientationLandscapeRight";
				IPHONEOS_DEPLOYMENT_TARGET = 18.2;
				LD_RUNPATH_SEARCH_PATHS = "@executable_path/Frameworks";
				"LD_RUNPATH_SEARCH_PATHS[sdk=macosx*]" = "@executable_path/../Frameworks";
				MACOSX_DEPLOYMENT_TARGET = 15.2;
				MARKETING_VERSION = 1.0;
				PRODUCT_BUNDLE_IDENTIFIER = "fniazi.iosapp-iproov";
				PRODUCT_NAME = "$(TARGET_NAME)";
				SDKROOT = auto;
				SUPPORTED_PLATFORMS = "iphoneos iphonesimulator macosx xros xrsimulator";
				SWIFT_EMIT_LOC_STRINGS = YES;
				SWIFT_VERSION = 5.0;
				TARGETED_DEVICE_FAMILY = "1,2,7";
				XROS_DEPLOYMENT_TARGET = 2.2;
			};
			name = Debug;
		};
		BB8D830C2D845819007E211D /* Release */ = {
			isa = XCBuildConfiguration;
			buildSettings = {
				ASSETCATALOG_COMPILER_APPICON_NAME = AppIcon;
				ASSETCATALOG_COMPILER_GLOBAL_ACCENT_COLOR_NAME = AccentColor;
				CODE_SIGN_ENTITLEMENTS = "iosapp-iproov/iosapp_iproov.entitlements";
				CODE_SIGN_STYLE = Automatic;
				CURRENT_PROJECT_VERSION = 1;
				DEVELOPMENT_ASSET_PATHS = "\"iosapp-iproov/Preview Content\"";
				DEVELOPMENT_TEAM = XMZ73Q84B6;
				ENABLE_HARDENED_RUNTIME = YES;
				ENABLE_PREVIEWS = YES;
				GENERATE_INFOPLIST_FILE = YES;
				"INFOPLIST_KEY_UIApplicationSceneManifest_Generation[sdk=iphoneos*]" = YES;
				"INFOPLIST_KEY_UIApplicationSceneManifest_Generation[sdk=iphonesimulator*]" = YES;
				"INFOPLIST_KEY_UIApplicationSupportsIndirectInputEvents[sdk=iphoneos*]" = YES;
				"INFOPLIST_KEY_UIApplicationSupportsIndirectInputEvents[sdk=iphonesimulator*]" = YES;
				"INFOPLIST_KEY_UILaunchScreen_Generation[sdk=iphoneos*]" = YES;
				"INFOPLIST_KEY_UILaunchScreen_Generation[sdk=iphonesimulator*]" = YES;
				"INFOPLIST_KEY_UIStatusBarStyle[sdk=iphoneos*]" = UIStatusBarStyleDefault;
				"INFOPLIST_KEY_UIStatusBarStyle[sdk=iphonesimulator*]" = UIStatusBarStyleDefault;
				INFOPLIST_KEY_UISupportedInterfaceOrientations_iPad = "UIInterfaceOrientationPortrait UIInterfaceOrientationPortraitUpsideDown UIInterfaceOrientationLandscapeLeft UIInterfaceOrientationLandscapeRight";
				INFOPLIST_KEY_UISupportedInterfaceOrientations_iPhone = "UIInterfaceOrientationPortrait UIInterfaceOrientationLandscapeLeft UIInterfaceOrientationLandscapeRight";
				IPHONEOS_DEPLOYMENT_TARGET = 18.2;
				LD_RUNPATH_SEARCH_PATHS = "@executable_path/Frameworks";
				"LD_RUNPATH_SEARCH_PATHS[sdk=macosx*]" = "@executable_path/../Frameworks";
				MACOSX_DEPLOYMENT_TARGET = 15.2;
				MARKETING_VERSION = 1.0;
				PRODUCT_BUNDLE_IDENTIFIER = "fniazi.iosapp-iproov";
				PRODUCT_NAME = "$(TARGET_NAME)";
				SDKROOT = auto;
				SUPPORTED_PLATFORMS = "iphoneos iphonesimulator macosx xros xrsimulator";
				SWIFT_EMIT_LOC_STRINGS = YES;
				SWIFT_VERSION = 5.0;
				TARGETED_DEVICE_FAMILY = "1,2,7";
				XROS_DEPLOYMENT_TARGET = 2.2;
			};
			name = Release;
		};
		BB8D830E2D845819007E211D /* Debug */ = {
			isa = XCBuildConfiguration;
			buildSettings = {
				BUNDLE_LOADER = "$(TEST_HOST)";
				CODE_SIGN_STYLE = Automatic;
				CURRENT_PROJECT_VERSION = 1;
				DEVELOPMENT_TEAM = 4EDK37QNCU;
				GENERATE_INFOPLIST_FILE = YES;
				IPHONEOS_DEPLOYMENT_TARGET = 18.2;
				MACOSX_DEPLOYMENT_TARGET = 15.2;
				MARKETING_VERSION = 1.0;
				PRODUCT_BUNDLE_IDENTIFIER = "niazi.iosapp-iproovTests";
				PRODUCT_NAME = "$(TARGET_NAME)";
				SDKROOT = auto;
				SUPPORTED_PLATFORMS = "iphoneos iphonesimulator macosx xros xrsimulator";
				SWIFT_EMIT_LOC_STRINGS = NO;
				SWIFT_VERSION = 5.0;
				TARGETED_DEVICE_FAMILY = "1,2,7";
				TEST_HOST = "$(BUILT_PRODUCTS_DIR)/iosapp-iproov.app/$(BUNDLE_EXECUTABLE_FOLDER_PATH)/iosapp-iproov";
				XROS_DEPLOYMENT_TARGET = 2.2;
			};
			name = Debug;
		};
		BB8D830F2D845819007E211D /* Release */ = {
			isa = XCBuildConfiguration;
			buildSettings = {
				BUNDLE_LOADER = "$(TEST_HOST)";
				CODE_SIGN_STYLE = Automatic;
				CURRENT_PROJECT_VERSION = 1;
				DEVELOPMENT_TEAM = 4EDK37QNCU;
				GENERATE_INFOPLIST_FILE = YES;
				IPHONEOS_DEPLOYMENT_TARGET = 18.2;
				MACOSX_DEPLOYMENT_TARGET = 15.2;
				MARKETING_VERSION = 1.0;
				PRODUCT_BUNDLE_IDENTIFIER = "niazi.iosapp-iproovTests";
				PRODUCT_NAME = "$(TARGET_NAME)";
				SDKROOT = auto;
				SUPPORTED_PLATFORMS = "iphoneos iphonesimulator macosx xros xrsimulator";
				SWIFT_EMIT_LOC_STRINGS = NO;
				SWIFT_VERSION = 5.0;
				TARGETED_DEVICE_FAMILY = "1,2,7";
				TEST_HOST = "$(BUILT_PRODUCTS_DIR)/iosapp-iproov.app/$(BUNDLE_EXECUTABLE_FOLDER_PATH)/iosapp-iproov";
				XROS_DEPLOYMENT_TARGET = 2.2;
			};
			name = Release;
		};
		BB8D83112D845819007E211D /* Debug */ = {
			isa = XCBuildConfiguration;
			buildSettings = {
				CODE_SIGN_STYLE = Automatic;
				CURRENT_PROJECT_VERSION = 1;
				DEVELOPMENT_TEAM = 4EDK37QNCU;
				GENERATE_INFOPLIST_FILE = YES;
				IPHONEOS_DEPLOYMENT_TARGET = 18.2;
				MACOSX_DEPLOYMENT_TARGET = 15.2;
				MARKETING_VERSION = 1.0;
				PRODUCT_BUNDLE_IDENTIFIER = "niazi.iosapp-iproovUITests";
				PRODUCT_NAME = "$(TARGET_NAME)";
				SDKROOT = auto;
				SUPPORTED_PLATFORMS = "iphoneos iphonesimulator macosx xros xrsimulator";
				SWIFT_EMIT_LOC_STRINGS = NO;
				SWIFT_VERSION = 5.0;
				TARGETED_DEVICE_FAMILY = "1,2,7";
				TEST_TARGET_NAME = "iosapp-iproov";
				XROS_DEPLOYMENT_TARGET = 2.2;
			};
			name = Debug;
		};
		BB8D83122D845819007E211D /* Release */ = {
			isa = XCBuildConfiguration;
			buildSettings = {
				CODE_SIGN_STYLE = Automatic;
				CURRENT_PROJECT_VERSION = 1;
				DEVELOPMENT_TEAM = 4EDK37QNCU;
				GENERATE_INFOPLIST_FILE = YES;
				IPHONEOS_DEPLOYMENT_TARGET = 18.2;
				MACOSX_DEPLOYMENT_TARGET = 15.2;
				MARKETING_VERSION = 1.0;
				PRODUCT_BUNDLE_IDENTIFIER = "niazi.iosapp-iproovUITests";
				PRODUCT_NAME = "$(TARGET_NAME)";
				SDKROOT = auto;
				SUPPORTED_PLATFORMS = "iphoneos iphonesimulator macosx xros xrsimulator";
				SWIFT_EMIT_LOC_STRINGS = NO;
				SWIFT_VERSION = 5.0;
				TARGETED_DEVICE_FAMILY = "1,2,7";
				TEST_TARGET_NAME = "iosapp-iproov";
				XROS_DEPLOYMENT_TARGET = 2.2;
			};
			name = Release;
		};
/* End XCBuildConfiguration section */

/* Begin XCConfigurationList section */
		BB8D82E02D845818007E211D /* Build configuration list for PBXProject "iosapp-iproov" */ = {
			isa = XCConfigurationList;
			buildConfigurations = (
				BB8D83082D845819007E211D /* Debug */,
				BB8D83092D845819007E211D /* Release */,
			);
			defaultConfigurationIsVisible = 0;
			defaultConfigurationName = Release;
		};
		BB8D830A2D845819007E211D /* Build configuration list for PBXNativeTarget "iosapp-iproov" */ = {
			isa = XCConfigurationList;
			buildConfigurations = (
				BB8D830B2D845819007E211D /* Debug */,
				BB8D830C2D845819007E211D /* Release */,
			);
			defaultConfigurationIsVisible = 0;
			defaultConfigurationName = Release;
		};
		BB8D830D2D845819007E211D /* Build configuration list for PBXNativeTarget "iosapp-iproovTests" */ = {
			isa = XCConfigurationList;
			buildConfigurations = (
				BB8D830E2D845819007E211D /* Debug */,
				BB8D830F2D845819007E211D /* Release */,
			);
			defaultConfigurationIsVisible = 0;
			defaultConfigurationName = Release;
		};
		BB8D83102D845819007E211D /* Build configuration list for PBXNativeTarget "iosapp-iproovUITests" */ = {
			isa = XCConfigurationList;
			buildConfigurations = (
				BB8D83112D845819007E211D /* Debug */,
				BB8D83122D845819007E211D /* Release */,
			);
			defaultConfigurationIsVisible = 0;
			defaultConfigurationName = Release;
		};
/* End XCConfigurationList section */

/* Begin XCRemoteSwiftPackageReference section */
		6D191EB72D84823C00AA97F2 /* XCRemoteSwiftPackageReference "ios-api-client" */ = {
			isa = XCRemoteSwiftPackageReference;
			repositoryURL = "https://github.com/iProov/ios-api-client";
			requirement = {
				kind = upToNextMajorVersion;
				minimumVersion = 2.1.0;
			};
		};
		6D191EBB2D8482EE00AA97F2 /* XCRemoteSwiftPackageReference "MBProgressHUD" */ = {
			isa = XCRemoteSwiftPackageReference;
			repositoryURL = "https://github.com/jdg/MBProgressHUD";
			requirement = {
				kind = upToNextMajorVersion;
				minimumVersion = 1.2.0;
			};
		};
/* End XCRemoteSwiftPackageReference section */

/* Begin XCSwiftPackageProductDependency section */
		6D191EB92D84827100AA97F2 /* iProovAPIClient */ = {
			isa = XCSwiftPackageProductDependency;
			package = 6D191EB72D84823C00AA97F2 /* XCRemoteSwiftPackageReference "ios-api-client" */;
			productName = iProovAPIClient;
		};
		6D191EBC2D84830F00AA97F2 /* MBProgressHUD */ = {
			isa = XCSwiftPackageProductDependency;
			package = 6D191EBB2D8482EE00AA97F2 /* XCRemoteSwiftPackageReference "MBProgressHUD" */;
			productName = MBProgressHUD;
		};
/* End XCSwiftPackageProductDependency section */
	};
	rootObject = BB8D82DD2D845818007E211D /* Project object */;
}
